
Microsoft Visual Studio Solution File, Format Version 12.00
# Visual Studio Version 16
VisualStudioVersion = 16.0.29609.76
MinimumVisualStudioVersion = 10.0.40219.1
Project("{FAE04EC0-301F-11D3-BF4B-00C04F79EFBC}") = "ControleCRM", "ControleCRM.csproj", "{9BAD366C-A7D6-42E5-A030-C6998D1D9B17}"
EndProject
Global
	GlobalSection(SolutionConfigurationPlatforms) = preSolution
		Debug|Any CPU = Debug|Any CPU
		Release|Any CPU = Release|Any CPU
	EndGlobalSection
	GlobalSection(ProjectConfigurationPlatforms) = postSolution
		{9BAD366C-A7D6-42E5-A030-C6998D1D9B17}.Debug|Any CPU.ActiveCfg = Debug|Any CPU
		{9BAD366C-A7D6-42E5-A030-C6998D1D9B17}.Debug|Any CPU.Build.0 = Debug|Any CPU
		{9BAD366C-A7D6-42E5-A030-C6998D1D9B17}.Release|Any CPU.ActiveCfg = Release|Any CPU
		{9BAD366C-A7D6-42E5-A030-C6998D1D9B17}.Release|Any CPU.Build.0 = Release|Any CPU
	EndGlobalSection
	GlobalSection(SolutionProperties) = preSolution
		HideSolutionNode = FALSE
	EndGlobalSection
	GlobalSection(ExtensibilityGlobals) = postSolution
		SolutionGuid = {A051667E-857C-4740-BAB9-7CA6DF5A3474}
	EndGlobalSection
EndGlobal
